// !$*UTF8*$!
{
	archiveVersion = 1;
	classes = {
	};
	objectVersion = 60;
	objects = {

/* Begin PBXBuildFile section */
		FC0D2A7A2C3280AE00DFD043 /* QuitterQuitterApp.swift in Sources */ = {isa = PBXBuildFile; fileRef = FC0D2A792C3280AE00DFD043 /* QuitterQuitterApp.swift */; };
		FC0D2A7C2C3280AE00DFD043 /* ContentView.swift in Sources */ = {isa = PBXBuildFile; fileRef = FC0D2A7B2C3280AE00DFD043 /* ContentView.swift */; };
		FC0D2A7E2C3280B000DFD043 /* Assets.xcassets in Resources */ = {isa = PBXBuildFile; fileRef = FC0D2A7D2C3280B000DFD043 /* Assets.xcassets */; };
		FC0D2A812C3280B000DFD043 /* Preview Assets.xcassets in Resources */ = {isa = PBXBuildFile; fileRef = FC0D2A802C3280B000DFD043 /* Preview Assets.xcassets */; };
		FC0D2A8B2C3280B000DFD043 /* QuitterQuitterTests.swift in Sources */ = {isa = PBXBuildFile; fileRef = FC0D2A8A2C3280B000DFD043 /* QuitterQuitterTests.swift */; };
		FC0D2A952C3280B000DFD043 /* QuitterQuitterUITests.swift in Sources */ = {isa = PBXBuildFile; fileRef = FC0D2A942C3280B000DFD043 /* QuitterQuitterUITests.swift */; };
		FC0D2A972C3280B000DFD043 /* QuitterQuitterUITestsLaunchTests.swift in Sources */ = {isa = PBXBuildFile; fileRef = FC0D2A962C3280B000DFD043 /* QuitterQuitterUITestsLaunchTests.swift */; };
		FC0D2AA62C3281E400DFD043 /* SetQuitDateView.swift in Sources */ = {isa = PBXBuildFile; fileRef = FC0D2AA52C3281E400DFD043 /* SetQuitDateView.swift */; };
		FC0D2AA92C3282A100DFD043 /* DylKit in Frameworks */ = {isa = PBXBuildFile; productRef = FC0D2AA82C3282A100DFD043 /* DylKit */; };
/* End PBXBuildFile section */

/* Begin PBXContainerItemProxy section */
		FC0D2A872C3280B000DFD043 /* PBXContainerItemProxy */ = {
			isa = PBXContainerItemProxy;
			containerPortal = FC0D2A6E2C3280AE00DFD043 /* Project object */;
			proxyType = 1;
			remoteGlobalIDString = FC0D2A752C3280AE00DFD043;
			remoteInfo = QuitterQuitter;
		};
		FC0D2A912C3280B000DFD043 /* PBXContainerItemProxy */ = {
			isa = PBXContainerItemProxy;
			containerPortal = FC0D2A6E2C3280AE00DFD043 /* Project object */;
			proxyType = 1;
			remoteGlobalIDString = FC0D2A752C3280AE00DFD043;
			remoteInfo = QuitterQuitter;
		};
/* End PBXContainerItemProxy section */

/* Begin PBXFileReference section */
		FC0D2A762C3280AE00DFD043 /* QuitterQuitter.app */ = {isa = PBXFileReference; explicitFileType = wrapper.application; includeInIndex = 0; path = QuitterQuitter.app; sourceTree = BUILT_PRODUCTS_DIR; };
		FC0D2A792C3280AE00DFD043 /* QuitterQuitterApp.swift */ = {isa = PBXFileReference; lastKnownFileType = sourcecode.swift; path = QuitterQuitterApp.swift; sourceTree = "<group>"; };
		FC0D2A7B2C3280AE00DFD043 /* ContentView.swift */ = {isa = PBXFileReference; lastKnownFileType = sourcecode.swift; path = ContentView.swift; sourceTree = "<group>"; };
		FC0D2A7D2C3280B000DFD043 /* Assets.xcassets */ = {isa = PBXFileReference; lastKnownFileType = folder.assetcatalog; path = Assets.xcassets; sourceTree = "<group>"; };
		FC0D2A802C3280B000DFD043 /* Preview Assets.xcassets */ = {isa = PBXFileReference; lastKnownFileType = folder.assetcatalog; path = "Preview Assets.xcassets"; sourceTree = "<group>"; };
		FC0D2A862C3280B000DFD043 /* QuitterQuitterTests.xctest */ = {isa = PBXFileReference; explicitFileType = wrapper.cfbundle; includeInIndex = 0; path = QuitterQuitterTests.xctest; sourceTree = BUILT_PRODUCTS_DIR; };
		FC0D2A8A2C3280B000DFD043 /* QuitterQuitterTests.swift */ = {isa = PBXFileReference; lastKnownFileType = sourcecode.swift; path = QuitterQuitterTests.swift; sourceTree = "<group>"; };
		FC0D2A902C3280B000DFD043 /* QuitterQuitterUITests.xctest */ = {isa = PBXFileReference; explicitFileType = wrapper.cfbundle; includeInIndex = 0; path = QuitterQuitterUITests.xctest; sourceTree = BUILT_PRODUCTS_DIR; };
		FC0D2A942C3280B000DFD043 /* QuitterQuitterUITests.swift */ = {isa = PBXFileReference; lastKnownFileType = sourcecode.swift; path = QuitterQuitterUITests.swift; sourceTree = "<group>"; };
		FC0D2A962C3280B000DFD043 /* QuitterQuitterUITestsLaunchTests.swift */ = {isa = PBXFileReference; lastKnownFileType = sourcecode.swift; path = QuitterQuitterUITestsLaunchTests.swift; sourceTree = "<group>"; };
		FC0D2AA52C3281E400DFD043 /* SetQuitDateView.swift */ = {isa = PBXFileReference; lastKnownFileType = sourcecode.swift; path = SetQuitDateView.swift; sourceTree = "<group>"; };
/* End PBXFileReference section */

/* Begin PBXFrameworksBuildPhase section */
		FC0D2A732C3280AE00DFD043 /* Frameworks */ = {
			isa = PBXFrameworksBuildPhase;
			buildActionMask = 2147483647;
			files = (
				FC0D2AA92C3282A100DFD043 /* DylKit in Frameworks */,
			);
			runOnlyForDeploymentPostprocessing = 0;
		};
		FC0D2A832C3280B000DFD043 /* Frameworks */ = {
			isa = PBXFrameworksBuildPhase;
			buildActionMask = 2147483647;
			files = (
			);
			runOnlyForDeploymentPostprocessing = 0;
		};
		FC0D2A8D2C3280B000DFD043 /* Frameworks */ = {
			isa = PBXFrameworksBuildPhase;
			buildActionMask = 2147483647;
			files = (
			);
			runOnlyForDeploymentPostprocessing = 0;
		};
/* End PBXFrameworksBuildPhase section */

/* Begin PBXGroup section */
		FC0D2A6D2C3280AE00DFD043 = {
			isa = PBXGroup;
			children = (
				FC0D2A782C3280AE00DFD043 /* QuitterQuitter */,
				FC0D2A892C3280B000DFD043 /* QuitterQuitterTests */,
				FC0D2A932C3280B000DFD043 /* QuitterQuitterUITests */,
				FC0D2A772C3280AE00DFD043 /* Products */,
			);
			sourceTree = "<group>";
		};
		FC0D2A772C3280AE00DFD043 /* Products */ = {
			isa = PBXGroup;
			children = (
				FC0D2A762C3280AE00DFD043 /* QuitterQuitter.app */,
				FC0D2A862C3280B000DFD043 /* QuitterQuitterTests.xctest */,
				FC0D2A902C3280B000DFD043 /* QuitterQuitterUITests.xctest */,
			);
			name = Products;
			sourceTree = "<group>";
		};
		FC0D2A782C3280AE00DFD043 /* QuitterQuitter */ = {
			isa = PBXGroup;
			children = (
				FC0D2A792C3280AE00DFD043 /* QuitterQuitterApp.swift */,
				FC0D2AA52C3281E400DFD043 /* SetQuitDateView.swift */,
				FC0D2A7B2C3280AE00DFD043 /* ContentView.swift */,
				FC0D2A7D2C3280B000DFD043 /* Assets.xcassets */,
				FC0D2A7F2C3280B000DFD043 /* Preview Content */,
			);
			path = QuitterQuitter;
			sourceTree = "<group>";
		};
		FC0D2A7F2C3280B000DFD043 /* Preview Content */ = {
			isa = PBXGroup;
			children = (
				FC0D2A802C3280B000DFD043 /* Preview Assets.xcassets */,
			);
			path = "Preview Content";
			sourceTree = "<group>";
		};
		FC0D2A892C3280B000DFD043 /* QuitterQuitterTests */ = {
			isa = PBXGroup;
			children = (
				FC0D2A8A2C3280B000DFD043 /* QuitterQuitterTests.swift */,
			);
			path = QuitterQuitterTests;
			sourceTree = "<group>";
		};
		FC0D2A932C3280B000DFD043 /* QuitterQuitterUITests */ = {
			isa = PBXGroup;
			children = (
				FC0D2A942C3280B000DFD043 /* QuitterQuitterUITests.swift */,
				FC0D2A962C3280B000DFD043 /* QuitterQuitterUITestsLaunchTests.swift */,
			);
			path = QuitterQuitterUITests;
			sourceTree = "<group>";
		};
/* End PBXGroup section */

/* Begin PBXNativeTarget section */
		FC0D2A752C3280AE00DFD043 /* QuitterQuitter */ = {
			isa = PBXNativeTarget;
			buildConfigurationList = FC0D2A9A2C3280B000DFD043 /* Build configuration list for PBXNativeTarget "QuitterQuitter" */;
			buildPhases = (
				FC0D2A722C3280AE00DFD043 /* Sources */,
				FC0D2A732C3280AE00DFD043 /* Frameworks */,
				FC0D2A742C3280AE00DFD043 /* Resources */,
			);
			buildRules = (
			);
			dependencies = (
			);
			name = QuitterQuitter;
			packageProductDependencies = (
				FC0D2AA82C3282A100DFD043 /* DylKit */,
			);
			productName = QuitterQuitter;
			productReference = FC0D2A762C3280AE00DFD043 /* QuitterQuitter.app */;
			productType = "com.apple.product-type.application";
		};
		FC0D2A852C3280B000DFD043 /* QuitterQuitterTests */ = {
			isa = PBXNativeTarget;
			buildConfigurationList = FC0D2A9D2C3280B000DFD043 /* Build configuration list for PBXNativeTarget "QuitterQuitterTests" */;
			buildPhases = (
				FC0D2A822C3280B000DFD043 /* Sources */,
				FC0D2A832C3280B000DFD043 /* Frameworks */,
				FC0D2A842C3280B000DFD043 /* Resources */,
			);
			buildRules = (
			);
			dependencies = (
				FC0D2A882C3280B000DFD043 /* PBXTargetDependency */,
			);
			name = QuitterQuitterTests;
			productName = QuitterQuitterTests;
			productReference = FC0D2A862C3280B000DFD043 /* QuitterQuitterTests.xctest */;
			productType = "com.apple.product-type.bundle.unit-test";
		};
		FC0D2A8F2C3280B000DFD043 /* QuitterQuitterUITests */ = {
			isa = PBXNativeTarget;
			buildConfigurationList = FC0D2AA02C3280B000DFD043 /* Build configuration list for PBXNativeTarget "QuitterQuitterUITests" */;
			buildPhases = (
				FC0D2A8C2C3280B000DFD043 /* Sources */,
				FC0D2A8D2C3280B000DFD043 /* Frameworks */,
				FC0D2A8E2C3280B000DFD043 /* Resources */,
			);
			buildRules = (
			);
			dependencies = (
				FC0D2A922C3280B000DFD043 /* PBXTargetDependency */,
			);
			name = QuitterQuitterUITests;
			productName = QuitterQuitterUITests;
			productReference = FC0D2A902C3280B000DFD043 /* QuitterQuitterUITests.xctest */;
			productType = "com.apple.product-type.bundle.ui-testing";
		};
/* End PBXNativeTarget section */

/* Begin PBXProject section */
		FC0D2A6E2C3280AE00DFD043 /* Project object */ = {
			isa = PBXProject;
			attributes = {
				BuildIndependentTargetsInParallel = 1;
				LastSwiftUpdateCheck = 1520;
				LastUpgradeCheck = 1520;
				TargetAttributes = {
					FC0D2A752C3280AE00DFD043 = {
						CreatedOnToolsVersion = 15.2;
					};
					FC0D2A852C3280B000DFD043 = {
						CreatedOnToolsVersion = 15.2;
						TestTargetID = FC0D2A752C3280AE00DFD043;
					};
					FC0D2A8F2C3280B000DFD043 = {
						CreatedOnToolsVersion = 15.2;
						TestTargetID = FC0D2A752C3280AE00DFD043;
					};
				};
			};
			buildConfigurationList = FC0D2A712C3280AE00DFD043 /* Build configuration list for PBXProject "QuitterQuitter" */;
			compatibilityVersion = "Xcode 14.0";
			developmentRegion = en;
			hasScannedForEncodings = 0;
			knownRegions = (
				en,
				Base,
			);
			mainGroup = FC0D2A6D2C3280AE00DFD043;
			packageReferences = (
				FC0D2AA72C3282A100DFD043 /* XCLocalSwiftPackageReference "../DylKit" */,
			);
			productRefGroup = FC0D2A772C3280AE00DFD043 /* Products */;
			projectDirPath = "";
			projectRoot = "";
			targets = (
				FC0D2A752C3280AE00DFD043 /* QuitterQuitter */,
				FC0D2A852C3280B000DFD043 /* QuitterQuitterTests */,
				FC0D2A8F2C3280B000DFD043 /* QuitterQuitterUITests */,
			);
		};
/* End PBXProject section */

/* Begin PBXResourcesBuildPhase section */
		FC0D2A742C3280AE00DFD043 /* Resources */ = {
			isa = PBXResourcesBuildPhase;
			buildActionMask = 2147483647;
			files = (
				FC0D2A812C3280B000DFD043 /* Preview Assets.xcassets in Resources */,
				FC0D2A7E2C3280B000DFD043 /* Assets.xcassets in Resources */,
			);
			runOnlyForDeploymentPostprocessing = 0;
		};
		FC0D2A842C3280B000DFD043 /* Resources */ = {
			isa = PBXResourcesBuildPhase;
			buildActionMask = 2147483647;
			files = (
			);
			runOnlyForDeploymentPostprocessing = 0;
		};
		FC0D2A8E2C3280B000DFD043 /* Resources */ = {
			isa = PBXResourcesBuildPhase;
			buildActionMask = 2147483647;
			files = (
			);
			runOnlyForDeploymentPostprocessing = 0;
		};
/* End PBXResourcesBuildPhase section */

/* Begin PBXSourcesBuildPhase section */
		FC0D2A722C3280AE00DFD043 /* Sources */ = {
			isa = PBXSourcesBuildPhase;
			buildActionMask = 2147483647;
			files = (
				FC0D2AA62C3281E400DFD043 /* SetQuitDateView.swift in Sources */,
				FC0D2A7C2C3280AE00DFD043 /* ContentView.swift in Sources */,
				FC0D2A7A2C3280AE00DFD043 /* QuitterQuitterApp.swift in Sources */,
			);
			runOnlyForDeploymentPostprocessing = 0;
		};
		FC0D2A822C3280B000DFD043 /* Sources */ = {
			isa = PBXSourcesBuildPhase;
			buildActionMask = 2147483647;
			files = (
				FC0D2A8B2C3280B000DFD043 /* QuitterQuitterTests.swift in Sources */,
			);
			runOnlyForDeploymentPostprocessing = 0;
		};
		FC0D2A8C2C3280B000DFD043 /* Sources */ = {
			isa = PBXSourcesBuildPhase;
			buildActionMask = 2147483647;
			files = (
				FC0D2A972C3280B000DFD043 /* QuitterQuitterUITestsLaunchTests.swift in Sources */,
				FC0D2A952C3280B000DFD043 /* QuitterQuitterUITests.swift in Sources */,
			);
			runOnlyForDeploymentPostprocessing = 0;
		};
/* End PBXSourcesBuildPhase section */

/* Begin PBXTargetDependency section */
		FC0D2A882C3280B000DFD043 /* PBXTargetDependency */ = {
			isa = PBXTargetDependency;
			target = FC0D2A752C3280AE00DFD043 /* QuitterQuitter */;
			targetProxy = FC0D2A872C3280B000DFD043 /* PBXContainerItemProxy */;
		};
		FC0D2A922C3280B000DFD043 /* PBXTargetDependency */ = {
			isa = PBXTargetDependency;
			target = FC0D2A752C3280AE00DFD043 /* QuitterQuitter */;
			targetProxy = FC0D2A912C3280B000DFD043 /* PBXContainerItemProxy */;
		};
/* End PBXTargetDependency section */

/* Begin XCBuildConfiguration section */
		FC0D2A982C3280B000DFD043 /* Debug */ = {
			isa = XCBuildConfiguration;
			buildSettings = {
				ALWAYS_SEARCH_USER_PATHS = NO;
				ASSETCATALOG_COMPILER_GENERATE_SWIFT_ASSET_SYMBOL_EXTENSIONS = YES;
				CLANG_ANALYZER_NONNULL = YES;
				CLANG_ANALYZER_NUMBER_OBJECT_CONVERSION = YES_AGGRESSIVE;
				CLANG_CXX_LANGUAGE_STANDARD = "gnu++20";
				CLANG_ENABLE_MODULES = YES;
				CLANG_ENABLE_OBJC_ARC = YES;
				CLANG_ENABLE_OBJC_WEAK = YES;
				CLANG_WARN_BLOCK_CAPTURE_AUTORELEASING = YES;
				CLANG_WARN_BOOL_CONVERSION = YES;
				CLANG_WARN_COMMA = YES;
				CLANG_WARN_CONSTANT_CONVERSION = YES;
				CLANG_WARN_DEPRECATED_OBJC_IMPLEMENTATIONS = YES;
				CLANG_WARN_DIRECT_OBJC_ISA_USAGE = YES_ERROR;
				CLANG_WARN_DOCUMENTATION_COMMENTS = YES;
				CLANG_WARN_EMPTY_BODY = YES;
				CLANG_WARN_ENUM_CONVERSION = YES;
				CLANG_WARN_INFINITE_RECURSION = YES;
				CLANG_WARN_INT_CONVERSION = YES;
				CLANG_WARN_NON_LITERAL_NULL_CONVERSION = YES;
				CLANG_WARN_OBJC_IMPLICIT_RETAIN_SELF = YES;
				CLANG_WARN_OBJC_LITERAL_CONVERSION = YES;
				CLANG_WARN_OBJC_ROOT_CLASS = YES_ERROR;
				CLANG_WARN_QUOTED_INCLUDE_IN_FRAMEWORK_HEADER = YES;
				CLANG_WARN_RANGE_LOOP_ANALYSIS = YES;
				CLANG_WARN_STRICT_PROTOTYPES = YES;
				CLANG_WARN_SUSPICIOUS_MOVE = YES;
				CLANG_WARN_UNGUARDED_AVAILABILITY = YES_AGGRESSIVE;
				CLANG_WARN_UNREACHABLE_CODE = YES;
				CLANG_WARN__DUPLICATE_METHOD_MATCH = YES;
				COPY_PHASE_STRIP = NO;
				DEBUG_INFORMATION_FORMAT = dwarf;
				ENABLE_STRICT_OBJC_MSGSEND = YES;
				ENABLE_TESTABILITY = YES;
				ENABLE_USER_SCRIPT_SANDBOXING = YES;
				GCC_C_LANGUAGE_STANDARD = gnu17;
				GCC_DYNAMIC_NO_PIC = NO;
				GCC_NO_COMMON_BLOCKS = YES;
				GCC_OPTIMIZATION_LEVEL = 0;
				GCC_PREPROCESSOR_DEFINITIONS = (
					"DEBUG=1",
					"$(inherited)",
				);
				GCC_WARN_64_TO_32_BIT_CONVERSION = YES;
				GCC_WARN_ABOUT_RETURN_TYPE = YES_ERROR;
				GCC_WARN_UNDECLARED_SELECTOR = YES;
				GCC_WARN_UNINITIALIZED_AUTOS = YES_AGGRESSIVE;
				GCC_WARN_UNUSED_FUNCTION = YES;
				GCC_WARN_UNUSED_VARIABLE = YES;
				IPHONEOS_DEPLOYMENT_TARGET = 17.2;
				LOCALIZATION_PREFERS_STRING_CATALOGS = YES;
				MTL_ENABLE_DEBUG_INFO = INCLUDE_SOURCE;
				MTL_FAST_MATH = YES;
				ONLY_ACTIVE_ARCH = YES;
				SDKROOT = iphoneos;
				SWIFT_ACTIVE_COMPILATION_CONDITIONS = "DEBUG $(inherited)";
				SWIFT_OPTIMIZATION_LEVEL = "-Onone";
			};
			name = Debug;
		};
		FC0D2A992C3280B000DFD043 /* Release */ = {
			isa = XCBuildConfiguration;
			buildSettings = {
				ALWAYS_SEARCH_USER_PATHS = NO;
				ASSETCATALOG_COMPILER_GENERATE_SWIFT_ASSET_SYMBOL_EXTENSIONS = YES;
				CLANG_ANALYZER_NONNULL = YES;
				CLANG_ANALYZER_NUMBER_OBJECT_CONVERSION = YES_AGGRESSIVE;
				CLANG_CXX_LANGUAGE_STANDARD = "gnu++20";
				CLANG_ENABLE_MODULES = YES;
				CLANG_ENABLE_OBJC_ARC = YES;
				CLANG_ENABLE_OBJC_WEAK = YES;
				CLANG_WARN_BLOCK_CAPTURE_AUTORELEASING = YES;
				CLANG_WARN_BOOL_CONVERSION = YES;
				CLANG_WARN_COMMA = YES;
				CLANG_WARN_CONSTANT_CONVERSION = YES;
				CLANG_WARN_DEPRECATED_OBJC_IMPLEMENTATIONS = YES;
				CLANG_WARN_DIRECT_OBJC_ISA_USAGE = YES_ERROR;
				CLANG_WARN_DOCUMENTATION_COMMENTS = YES;
				CLANG_WARN_EMPTY_BODY = YES;
				CLANG_WARN_ENUM_CONVERSION = YES;
				CLANG_WARN_INFINITE_RECURSION = YES;
				CLANG_WARN_INT_CONVERSION = YES;
				CLANG_WARN_NON_LITERAL_NULL_CONVERSION = YES;
				CLANG_WARN_OBJC_IMPLICIT_RETAIN_SELF = YES;
				CLANG_WARN_OBJC_LITERAL_CONVERSION = YES;
				CLANG_WARN_OBJC_ROOT_CLASS = YES_ERROR;
				CLANG_WARN_QUOTED_INCLUDE_IN_FRAMEWORK_HEADER = YES;
				CLANG_WARN_RANGE_LOOP_ANALYSIS = YES;
				CLANG_WARN_STRICT_PROTOTYPES = YES;
				CLANG_WARN_SUSPICIOUS_MOVE = YES;
				CLANG_WARN_UNGUARDED_AVAILABILITY = YES_AGGRESSIVE;
				CLANG_WARN_UNREACHABLE_CODE = YES;
				CLANG_WARN__DUPLICATE_METHOD_MATCH = YES;
				COPY_PHASE_STRIP = NO;
				DEBUG_INFORMATION_FORMAT = "dwarf-with-dsym";
				ENABLE_NS_ASSERTIONS = NO;
				ENABLE_STRICT_OBJC_MSGSEND = YES;
				ENABLE_USER_SCRIPT_SANDBOXING = YES;
				GCC_C_LANGUAGE_STANDARD = gnu17;
				GCC_NO_COMMON_BLOCKS = YES;
				GCC_WARN_64_TO_32_BIT_CONVERSION = YES;
				GCC_WARN_ABOUT_RETURN_TYPE = YES_ERROR;
				GCC_WARN_UNDECLARED_SELECTOR = YES;
				GCC_WARN_UNINITIALIZED_AUTOS = YES_AGGRESSIVE;
				GCC_WARN_UNUSED_FUNCTION = YES;
				GCC_WARN_UNUSED_VARIABLE = YES;
				IPHONEOS_DEPLOYMENT_TARGET = 17.2;
				LOCALIZATION_PREFERS_STRING_CATALOGS = YES;
				MTL_ENABLE_DEBUG_INFO = NO;
				MTL_FAST_MATH = YES;
				SDKROOT = iphoneos;
				SWIFT_COMPILATION_MODE = wholemodule;
				VALIDATE_PRODUCT = YES;
			};
			name = Release;
		};
		FC0D2A9B2C3280B000DFD043 /* Debug */ = {
			isa = XCBuildConfiguration;
			buildSettings = {
				ASSETCATALOG_COMPILER_APPICON_NAME = AppIcon;
				ASSETCATALOG_COMPILER_GLOBAL_ACCENT_COLOR_NAME = AccentColor;
				CODE_SIGN_STYLE = Automatic;
				CURRENT_PROJECT_VERSION = 1;
				DEVELOPMENT_ASSET_PATHS = "\"QuitterQuitter/Preview Content\"";
				DEVELOPMENT_TEAM = 6CW3378X23;
				ENABLE_PREVIEWS = YES;
				GENERATE_INFOPLIST_FILE = YES;
				INFOPLIST_KEY_UIApplicationSceneManifest_Generation = YES;
				INFOPLIST_KEY_UIApplicationSupportsIndirectInputEvents = YES;
				INFOPLIST_KEY_UILaunchScreen_Generation = YES;
				INFOPLIST_KEY_UISupportedInterfaceOrientations_iPad = "UIInterfaceOrientationPortrait UIInterfaceOrientationPortraitUpsideDown UIInterfaceOrientationLandscapeLeft UIInterfaceOrientationLandscapeRight";
				INFOPLIST_KEY_UISupportedInterfaceOrientations_iPhone = "UIInterfaceOrientationPortrait UIInterfaceOrientationLandscapeLeft UIInterfaceOrientationLandscapeRight";
				LD_RUNPATH_SEARCH_PATHS = (
					"$(inherited)",
					"@executable_path/Frameworks",
				);
				MARKETING_VERSION = 1.0;
				PRODUCT_BUNDLE_IDENTIFIER = com.dylan.QuitterQuitter;
				PRODUCT_NAME = "$(TARGET_NAME)";
				SWIFT_EMIT_LOC_STRINGS = YES;
				SWIFT_VERSION = 5.0;
				TARGETED_DEVICE_FAMILY = "1,2";
			};
			name = Debug;
		};
		FC0D2A9C2C3280B000DFD043 /* Release */ = {
			isa = XCBuildConfiguration;
			buildSettings = {
				ASSETCATALOG_COMPILER_APPICON_NAME = AppIcon;
				ASSETCATALOG_COMPILER_GLOBAL_ACCENT_COLOR_NAME = AccentColor;
				CODE_SIGN_STYLE = Automatic;
				CURRENT_PROJECT_VERSION = 1;
				DEVELOPMENT_ASSET_PATHS = "\"QuitterQuitter/Preview Content\"";
				DEVELOPMENT_TEAM = 6CW3378X23;
				ENABLE_PREVIEWS = YES;
				GENERATE_INFOPLIST_FILE = YES;
				INFOPLIST_KEY_UIApplicationSceneManifest_Generation = YES;
				INFOPLIST_KEY_UIApplicationSupportsIndirectInputEvents = YES;
				INFOPLIST_KEY_UILaunchScreen_Generation = YES;
				INFOPLIST_KEY_UISupportedInterfaceOrientations_iPad = "UIInterfaceOrientationPortrait UIInterfaceOrientationPortraitUpsideDown UIInterfaceOrientationLandscapeLeft UIInterfaceOrientationLandscapeRight";
				INFOPLIST_KEY_UISupportedInterfaceOrientations_iPhone = "UIInterfaceOrientationPortrait UIInterfaceOrientationLandscapeLeft UIInterfaceOrientationLandscapeRight";
				LD_RUNPATH_SEARCH_PATHS = (
					"$(inherited)",
					"@executable_path/Frameworks",
				);
				MARKETING_VERSION = 1.0;
				PRODUCT_BUNDLE_IDENTIFIER = com.dylan.QuitterQuitter;
				PRODUCT_NAME = "$(TARGET_NAME)";
				SWIFT_EMIT_LOC_STRINGS = YES;
				SWIFT_VERSION = 5.0;
				TARGETED_DEVICE_FAMILY = "1,2";
			};
			name = Release;
		};
		FC0D2A9E2C3280B000DFD043 /* Debug */ = {
			isa = XCBuildConfiguration;
			buildSettings = {
				ALWAYS_EMBED_SWIFT_STANDARD_LIBRARIES = YES;
				BUNDLE_LOADER = "$(TEST_HOST)";
				CODE_SIGN_STYLE = Automatic;
				CURRENT_PROJECT_VERSION = 1;
				DEVELOPMENT_TEAM = 6CW3378X23;
				GENERATE_INFOPLIST_FILE = YES;
				IPHONEOS_DEPLOYMENT_TARGET = 17.2;
				MARKETING_VERSION = 1.0;
				PRODUCT_BUNDLE_IDENTIFIER = com.dylan.QuitterQuitterTests;
				PRODUCT_NAME = "$(TARGET_NAME)";
				SWIFT_EMIT_LOC_STRINGS = NO;
				SWIFT_VERSION = 5.0;
				TARGETED_DEVICE_FAMILY = "1,2";
				TEST_HOST = "$(BUILT_PRODUCTS_DIR)/QuitterQuitter.app/$(BUNDLE_EXECUTABLE_FOLDER_PATH)/QuitterQuitter";
			};
			name = Debug;
		};
		FC0D2A9F2C3280B000DFD043 /* Release */ = {
			isa = XCBuildConfiguration;
			buildSettings = {
				ALWAYS_EMBED_SWIFT_STANDARD_LIBRARIES = YES;
				BUNDLE_LOADER = "$(TEST_HOST)";
				CODE_SIGN_STYLE = Automatic;
				CURRENT_PROJECT_VERSION = 1;
				DEVELOPMENT_TEAM = 6CW3378X23;
				GENERATE_INFOPLIST_FILE = YES;
				IPHONEOS_DEPLOYMENT_TARGET = 17.2;
				MARKETING_VERSION = 1.0;
				PRODUCT_BUNDLE_IDENTIFIER = com.dylan.QuitterQuitterTests;
				PRODUCT_NAME = "$(TARGET_NAME)";
				SWIFT_EMIT_LOC_STRINGS = NO;
				SWIFT_VERSION = 5.0;
				TARGETED_DEVICE_FAMILY = "1,2";
				TEST_HOST = "$(BUILT_PRODUCTS_DIR)/QuitterQuitter.app/$(BUNDLE_EXECUTABLE_FOLDER_PATH)/QuitterQuitter";
			};
			name = Release;
		};
		FC0D2AA12C3280B000DFD043 /* Debug */ = {
			isa = XCBuildConfiguration;
			buildSettings = {
				ALWAYS_EMBED_SWIFT_STANDARD_LIBRARIES = YES;
				CODE_SIGN_STYLE = Automatic;
				CURRENT_PROJECT_VERSION = 1;
				DEVELOPMENT_TEAM = 6CW3378X23;
				GENERATE_INFOPLIST_FILE = YES;
				MARKETING_VERSION = 1.0;
				PRODUCT_BUNDLE_IDENTIFIER = com.dylan.QuitterQuitterUITests;
				PRODUCT_NAME = "$(TARGET_NAME)";
				SWIFT_EMIT_LOC_STRINGS = NO;
				SWIFT_VERSION = 5.0;
				TARGETED_DEVICE_FAMILY = "1,2";
				TEST_TARGET_NAME = QuitterQuitter;
			};
			name = Debug;
		};
		FC0D2AA22C3280B000DFD043 /* Release */ = {
			isa = XCBuildConfiguration;
			buildSettings = {
				ALWAYS_EMBED_SWIFT_STANDARD_LIBRARIES = YES;
				CODE_SIGN_STYLE = Automatic;
				CURRENT_PROJECT_VERSION = 1;
				DEVELOPMENT_TEAM = 6CW3378X23;
				GENERATE_INFOPLIST_FILE = YES;
				MARKETING_VERSION = 1.0;
				PRODUCT_BUNDLE_IDENTIFIER = com.dylan.QuitterQuitterUITests;
				PRODUCT_NAME = "$(TARGET_NAME)";
				SWIFT_EMIT_LOC_STRINGS = NO;
				SWIFT_VERSION = 5.0;
				TARGETED_DEVICE_FAMILY = "1,2";
				TEST_TARGET_NAME = QuitterQuitter;
			};
			name = Release;
		};
/* End XCBuildConfiguration section */

/* Begin XCConfigurationList section */
		FC0D2A712C3280AE00DFD043 /* Build configuration list for PBXProject "QuitterQuitter" */ = {
			isa = XCConfigurationList;
			buildConfigurations = (
				FC0D2A982C3280B000DFD043 /* Debug */,
				FC0D2A992C3280B000DFD043 /* Release */,
			);
			defaultConfigurationIsVisible = 0;
			defaultConfigurationName = Release;
		};
		FC0D2A9A2C3280B000DFD043 /* Build configuration list for PBXNativeTarget "QuitterQuitter" */ = {
			isa = XCConfigurationList;
			buildConfigurations = (
				FC0D2A9B2C3280B000DFD043 /* Debug */,
				FC0D2A9C2C3280B000DFD043 /* Release */,
			);
			defaultConfigurationIsVisible = 0;
			defaultConfigurationName = Release;
		};
		FC0D2A9D2C3280B000DFD043 /* Build configuration list for PBXNativeTarget "QuitterQuitterTests" */ = {
			isa = XCConfigurationList;
			buildConfigurations = (
				FC0D2A9E2C3280B000DFD043 /* Debug */,
				FC0D2A9F2C3280B000DFD043 /* Release */,
			);
			defaultConfigurationIsVisible = 0;
			defaultConfigurationName = Release;
		};
		FC0D2AA02C3280B000DFD043 /* Build configuration list for PBXNativeTarget "QuitterQuitterUITests" */ = {
			isa = XCConfigurationList;
			buildConfigurations = (
				FC0D2AA12C3280B000DFD043 /* Debug */,
				FC0D2AA22C3280B000DFD043 /* Release */,
			);
			defaultConfigurationIsVisible = 0;
			defaultConfigurationName = Release;
		};
/* End XCConfigurationList section */

/* Begin XCLocalSwiftPackageReference section */
		FC0D2AA72C3282A100DFD043 /* XCLocalSwiftPackageReference "../DylKit" */ = {
			isa = XCLocalSwiftPackageReference;
			relativePath = ../DylKit;
		};
/* End XCLocalSwiftPackageReference section */

/* Begin XCSwiftPackageProductDependency section */
		FC0D2AA82C3282A100DFD043 /* DylKit */ = {
			isa = XCSwiftPackageProductDependency;
			productName = DylKit;
		};
/* End XCSwiftPackageProductDependency section */
	};
	rootObject = FC0D2A6E2C3280AE00DFD043 /* Project object */;
}
